
Microsoft Visual Studio Solution File, Format Version 12.00
# Visual Studio Version 17
VisualStudioVersion = 17.8.34316.72
MinimumVisualStudioVersion = 10.0.40219.1
Project("{FAE04EC0-301F-11D3-BF4B-00C04F79EFBC}") = "VT09-Sumar-en-consola", "VT09-Sumar-en-consola.csproj", "{5EEBC705-68CB-42A4-B9D8-FD4D4F8517EA}"
EndProject
Global
	GlobalSection(SolutionConfigurationPlatforms) = preSolution
		Debug|Any CPU = Debug|Any CPU
		Release|Any CPU = Release|Any CPU
	EndGlobalSection
	GlobalSection(ProjectConfigurationPlatforms) = postSolution
		{5EEBC705-68CB-42A4-B9D8-FD4D4F8517EA}.Debug|Any CPU.ActiveCfg = Debug|Any CPU
		{5EEBC705-68CB-42A4-B9D8-FD4D4F8517EA}.Debug|Any CPU.Build.0 = Debug|Any CPU
		{5EEBC705-68CB-42A4-B9D8-FD4D4F8517EA}.Release|Any CPU.ActiveCfg = Release|Any CPU
		{5EEBC705-68CB-42A4-B9D8-FD4D4F8517EA}.Release|Any CPU.Build.0 = Release|Any CPU
	EndGlobalSection
	GlobalSection(SolutionProperties) = preSolution
		HideSolutionNode = FALSE
	EndGlobalSection
	GlobalSection(ExtensibilityGlobals) = postSolution
		SolutionGuid = {51AAB946-AD38-430E-A712-9247E0C85AFA}
	EndGlobalSection
EndGlobal
