
Microsoft Visual Studio Solution File, Format Version 12.00
# Visual Studio Version 17
VisualStudioVersion = 17.8.34316.72
MinimumVisualStudioVersion = 10.0.40219.1
Project("{FAE04EC0-301F-11D3-BF4B-00C04F79EFBC}") = "VT10-Encriptador-mensajes", "VT10-Encriptador-mensajes.csproj", "{B0C1CB8E-D5AC-473F-8AD3-9BD492CF0C8A}"
EndProject
Global
	GlobalSection(SolutionConfigurationPlatforms) = preSolution
		Debug|Any CPU = Debug|Any CPU
		Release|Any CPU = Release|Any CPU
	EndGlobalSection
	GlobalSection(ProjectConfigurationPlatforms) = postSolution
		{B0C1CB8E-D5AC-473F-8AD3-9BD492CF0C8A}.Debug|Any CPU.ActiveCfg = Debug|Any CPU
		{B0C1CB8E-D5AC-473F-8AD3-9BD492CF0C8A}.Debug|Any CPU.Build.0 = Debug|Any CPU
		{B0C1CB8E-D5AC-473F-8AD3-9BD492CF0C8A}.Release|Any CPU.ActiveCfg = Release|Any CPU
		{B0C1CB8E-D5AC-473F-8AD3-9BD492CF0C8A}.Release|Any CPU.Build.0 = Release|Any CPU
	EndGlobalSection
	GlobalSection(SolutionProperties) = preSolution
		HideSolutionNode = FALSE
	EndGlobalSection
	GlobalSection(ExtensibilityGlobals) = postSolution
		SolutionGuid = {25D6AA21-6A45-421A-A9DE-13631FB12D98}
	EndGlobalSection
EndGlobal
