
Microsoft Visual Studio Solution File, Format Version 12.00
# Visual Studio Version 17
VisualStudioVersion = 17.7.34202.233
MinimumVisualStudioVersion = 10.0.40219.1
Project("{FAE04EC0-301F-11D3-BF4B-00C04F79EFBC}") = "PAC Desarrollo", "PAC Desarrollo.csproj", "{14E962E5-430B-44EF-937B-4050C7835DEB}"
EndProject
Global
	GlobalSection(SolutionConfigurationPlatforms) = preSolution
		Debug|Any CPU = Debug|Any CPU
		Release|Any CPU = Release|Any CPU
	EndGlobalSection
	GlobalSection(ProjectConfigurationPlatforms) = postSolution
		{14E962E5-430B-44EF-937B-4050C7835DEB}.Debug|Any CPU.ActiveCfg = Debug|Any CPU
		{14E962E5-430B-44EF-937B-4050C7835DEB}.Debug|Any CPU.Build.0 = Debug|Any CPU
		{14E962E5-430B-44EF-937B-4050C7835DEB}.Release|Any CPU.ActiveCfg = Release|Any CPU
		{14E962E5-430B-44EF-937B-4050C7835DEB}.Release|Any CPU.Build.0 = Release|Any CPU
	EndGlobalSection
	GlobalSection(SolutionProperties) = preSolution
		HideSolutionNode = FALSE
	EndGlobalSection
	GlobalSection(ExtensibilityGlobals) = postSolution
		SolutionGuid = {36982237-D8A8-42D3-84C5-0AA05A82052B}
	EndGlobalSection
EndGlobal
