
Microsoft Visual Studio Solution File, Format Version 12.00
# Visual Studio Version 17
VisualStudioVersion = 17.7.34202.233
MinimumVisualStudioVersion = 10.0.40219.1
Project("{FAE04EC0-301F-11D3-BF4B-00C04F79EFBC}") = "VT05 Ejercicio", "VT05 Ejercicio.csproj", "{03CF1AC1-D9DA-4D86-B940-3046C2CB5976}"
EndProject
Global
	GlobalSection(SolutionConfigurationPlatforms) = preSolution
		Debug|Any CPU = Debug|Any CPU
		Release|Any CPU = Release|Any CPU
	EndGlobalSection
	GlobalSection(ProjectConfigurationPlatforms) = postSolution
		{03CF1AC1-D9DA-4D86-B940-3046C2CB5976}.Debug|Any CPU.ActiveCfg = Debug|Any CPU
		{03CF1AC1-D9DA-4D86-B940-3046C2CB5976}.Debug|Any CPU.Build.0 = Debug|Any CPU
		{03CF1AC1-D9DA-4D86-B940-3046C2CB5976}.Release|Any CPU.ActiveCfg = Release|Any CPU
		{03CF1AC1-D9DA-4D86-B940-3046C2CB5976}.Release|Any CPU.Build.0 = Release|Any CPU
	EndGlobalSection
	GlobalSection(SolutionProperties) = preSolution
		HideSolutionNode = FALSE
	EndGlobalSection
	GlobalSection(ExtensibilityGlobals) = postSolution
		SolutionGuid = {CF7B7CC9-3E1D-4134-A2E6-9559EB98D982}
	EndGlobalSection
EndGlobal
