
Microsoft Visual Studio Solution File, Format Version 12.00
# Visual Studio Version 17
VisualStudioVersion = 17.8.34322.80
MinimumVisualStudioVersion = 10.0.40219.1
Project("{FAE04EC0-301F-11D3-BF4B-00C04F79EFBC}") = "VT11-Conjetura-de-Collatz", "VT11-Conjetura-de-Collatz.csproj", "{14C36F81-86E1-4BFC-AFF9-925C5C5CD47B}"
EndProject
Global
	GlobalSection(SolutionConfigurationPlatforms) = preSolution
		Debug|Any CPU = Debug|Any CPU
		Release|Any CPU = Release|Any CPU
	EndGlobalSection
	GlobalSection(ProjectConfigurationPlatforms) = postSolution
		{14C36F81-86E1-4BFC-AFF9-925C5C5CD47B}.Debug|Any CPU.ActiveCfg = Debug|Any CPU
		{14C36F81-86E1-4BFC-AFF9-925C5C5CD47B}.Debug|Any CPU.Build.0 = Debug|Any CPU
		{14C36F81-86E1-4BFC-AFF9-925C5C5CD47B}.Release|Any CPU.ActiveCfg = Release|Any CPU
		{14C36F81-86E1-4BFC-AFF9-925C5C5CD47B}.Release|Any CPU.Build.0 = Release|Any CPU
	EndGlobalSection
	GlobalSection(SolutionProperties) = preSolution
		HideSolutionNode = FALSE
	EndGlobalSection
	GlobalSection(ExtensibilityGlobals) = postSolution
		SolutionGuid = {10C824BF-A76E-4E25-9338-27AF8C47EC27}
	EndGlobalSection
EndGlobal
