
Microsoft Visual Studio Solution File, Format Version 12.00
# Visual Studio Version 17
VisualStudioVersion = 17.8.34316.72
MinimumVisualStudioVersion = 10.0.40219.1
Project("{FAE04EC0-301F-11D3-BF4B-00C04F79EFBC}") = "PAC-Test", "PAC-Test.csproj", "{CADF0753-FBE6-4C27-B3F9-3D2D75127444}"
EndProject
Global
	GlobalSection(SolutionConfigurationPlatforms) = preSolution
		Debug|Any CPU = Debug|Any CPU
		Release|Any CPU = Release|Any CPU
	EndGlobalSection
	GlobalSection(ProjectConfigurationPlatforms) = postSolution
		{CADF0753-FBE6-4C27-B3F9-3D2D75127444}.Debug|Any CPU.ActiveCfg = Debug|Any CPU
		{CADF0753-FBE6-4C27-B3F9-3D2D75127444}.Debug|Any CPU.Build.0 = Debug|Any CPU
		{CADF0753-FBE6-4C27-B3F9-3D2D75127444}.Release|Any CPU.ActiveCfg = Release|Any CPU
		{CADF0753-FBE6-4C27-B3F9-3D2D75127444}.Release|Any CPU.Build.0 = Release|Any CPU
	EndGlobalSection
	GlobalSection(SolutionProperties) = preSolution
		HideSolutionNode = FALSE
	EndGlobalSection
	GlobalSection(ExtensibilityGlobals) = postSolution
		SolutionGuid = {4712EF95-60E7-4D5F-B698-4CD6B59EAD7E}
	EndGlobalSection
EndGlobal
